<?xml version="1.0" encoding="utf-8"?>
<Project ToolsVersion="4.0" xmlns="http://schemas.microsoft.com/developer/msbuild/2003">
  <ItemGroup>
    <Filter Include="Quelldateien">
      <UniqueIdentifier>{4FC737F1-C7A5-4376-A066-2A32D752A2FF}</UniqueIdentifier>
      <Extensions>cpp;c;cc;cxx;def;odl;idl;hpj;bat;asm;asmx</Extensions>
    </Filter>
    <Filter Include="Headerdateien">
      <UniqueIdentifier>{93995380-89BD-4b04-88EB-625FBE52EBFB}</UniqueIdentifier>
      <Extensions>h;hh;hpp;hxx;hm;inl;inc;xsd</Extensions>
    </Filter>
    <Filter Include="Ressourcendateien">
      <UniqueIdentifier>{67DA6AB6-F800-4c08-8B7A-83BB121AAD01}</UniqueIdentifier>
      <Extensions>rc;ico;cur;bmp;dlg;rc2;rct;bin;rgs;gif;jpg;jpeg;jpe;resx;tiff;tif;png;wav;mfcribbon-ms</Extensions>
    </Filter>
    <Filter Include="Quelldateien\DLLMain">
      <UniqueIdentifier>{20a0688c-d1e9-427f-affa-51a70719fc95}</UniqueIdentifier>
    </Filter>
    <Filter Include="Headerdateien\DLLMain">
      <UniqueIdentifier>{5fda36fe-e113-4617-8348-100d76f1cc94}</UniqueIdentifier>
    </Filter>
    <Filter Include="Headerdateien\Utilities">
      <UniqueIdentifier>{79f78c5f-a73b-4835-b9f1-cd0a0b18a5e8}</UniqueIdentifier>
    </Filter>
    <Filter Include="Quelldateien\Utilities">
      <UniqueIdentifier>{09254822-82df-4631-87df-59b401200be1}</UniqueIdentifier>
    </Filter>
    <Filter Include="Headerdateien\InterfaceManager">
      <UniqueIdentifier>{373828ca-3b0a-46f1-badb-fde1f06c4918}</UniqueIdentifier>
    </Filter>
    <Filter Include="Quelldateien\InterfaceManager">
      <UniqueIdentifier>{4a11f28f-e260-4330-b6a8-2991986ee7a2}</UniqueIdentifier>
    </Filter>
    <Filter Include="Headerdateien\XOR">
      <UniqueIdentifier>{511c8645-2297-4815-b6dc-4bd98c0b7a51}</UniqueIdentifier>
    </Filter>
    <Filter Include="Headerdateien\SDK">
      <UniqueIdentifier>{e8718557-c284-4839-8fc6-9e561d9ba913}</UniqueIdentifier>
    </Filter>
    <Filter Include="Quelldateien\SDK">
      <UniqueIdentifier>{11a43bc2-e5fc-4c55-9cd1-02d70ecea1cb}</UniqueIdentifier>
    </Filter>
    <Filter Include="Headerdateien\Drawing">
      <UniqueIdentifier>{48ce9f41-88b6-4610-80a4-27d9986fcbaf}</UniqueIdentifier>
    </Filter>
    <Filter Include="Quelldateien\Drawing">
      <UniqueIdentifier>{8361809e-c6f9-4707-aa74-8176d6fc215a}</UniqueIdentifier>
    </Filter>
    <Filter Include="Quelldateien\XOR">
      <UniqueIdentifier>{1ea984e0-2560-4c67-bb7d-36ffd2180dda}</UniqueIdentifier>
    </Filter>
  </ItemGroup>
  <ItemGroup>
    <ClCompile Include="DLLMain.cpp">
      <Filter>Quelldateien\DLLMain</Filter>
    </ClCompile>
    <ClCompile Include="Utilities.cpp">
      <Filter>Quelldateien\Utilities</Filter>
    </ClCompile>
    <ClCompile Include="InterfaceManager.cpp">
      <Filter>Quelldateien\InterfaceManager</Filter>
    </ClCompile>
    <ClCompile Include="SDK.cpp">
      <Filter>Quelldateien\SDK</Filter>
    </ClCompile>
    <ClCompile Include="Drawing.cpp">
      <Filter>Quelldateien\Drawing</Filter>
    </ClCompile>
    <ClCompile Include="XOR.cpp">
      <Filter>Quelldateien\XOR</Filter>
    </ClCompile>
  </ItemGroup>
  <ItemGroup>
    <ClInclude Include="DLLMain.hpp">
      <Filter>Headerdateien\DLLMain</Filter>
    </ClInclude>
    <ClInclude Include="Utilities.hpp">
      <Filter>Headerdateien\Utilities</Filter>
    </ClInclude>
    <ClInclude Include="InterfaceManager.hpp">
      <Filter>Headerdateien\InterfaceManager</Filter>
    </ClInclude>
    <ClInclude Include="XOR.hpp">
      <Filter>Headerdateien\XOR</Filter>
    </ClInclude>
    <ClInclude Include="SDK.hpp">
      <Filter>Headerdateien\SDK</Filter>
    </ClInclude>
    <ClInclude Include="Netvar.hpp">
      <Filter>Headerdateien\SDK</Filter>
    </ClInclude>
    <ClInclude Include="Drawing.hpp">
      <Filter>Headerdateien\Drawing</Filter>
    </ClInclude>
  </ItemGroup>
</Project>